<?xml version="1.0" encoding="utf-8"?>
<Project ToolsVersion="4.0" xmlns="http://schemas.microsoft.com/developer/msbuild/2003">
  <ItemGroup>
    <Filter Include="Source Files">
      <UniqueIdentifier>{4FC737F1-C7A5-4376-A066-2A32D752A2FF}</UniqueIdentifier>
      <Extensions>cpp;c;cc;cxx;c++;cppm;ixx;def;odl;idl;hpj;bat;asm;asmx</Extensions>
    </Filter>
    <Filter Include="Header Files">
      <UniqueIdentifier>{93995380-89BD-4b04-88EB-625FBE52EBFB}</UniqueIdentifier>
      <Extensions>h;hh;hpp;hxx;h++;hm;inl;inc;ipp;xsd</Extensions>
    </Filter>
    <Filter Include="Resource Files">
      <UniqueIdentifier>{67DA6AB6-F800-4c08-8B7A-83BB121AAD01}</UniqueIdentifier>
      <Extensions>rc;ico;cur;bmp;dlg;rc2;rct;bin;rgs;gif;jpg;jpeg;jpe;resx;tiff;tif;png;wav;mfcribbon-ms</Extensions>
    </Filter>
    <Filter Include="Source Files\Math">
      <UniqueIdentifier>{f213f497-76df-401b-a0f5-bc1c4628f468}</UniqueIdentifier>
    </Filter>
    <Filter Include="Source Files\Core">
      <UniqueIdentifier>{117d6f85-2828-40d9-8628-c5833ea5e799}</UniqueIdentifier>
    </Filter>
    <Filter Include="Source Files\Renderer">
      <UniqueIdentifier>{12d632cf-d54a-47fa-9bc8-6bc7572cac5f}</UniqueIdentifier>
    </Filter>
    <Filter Include="Source Files\Input">
      <UniqueIdentifier>{3171584f-9217-42e6-8baa-9c2984d8ccd6}</UniqueIdentifier>
    </Filter>
    <Filter Include="Source Files\Framework">
      <UniqueIdentifier>{978fb011-1543-4514-8c48-eb0a94c92e4f}</UniqueIdentifier>
    </Filter>
    <Filter Include="Source Files\Audio">
      <UniqueIdentifier>{281e7c1d-ce4b-4839-b218-16c64690f616}</UniqueIdentifier>
    </Filter>
  </ItemGroup>
  <ItemGroup>
    <ClCompile Include="Math\MathUtils.cpp">
      <Filter>Source Files\Math</Filter>
    </ClCompile>
    <ClCompile Include="Core\Memory.cpp">
      <Filter>Source Files\Core</Filter>
    </ClCompile>
    <ClCompile Include="Renderer\Renderer.cpp">
      <Filter>Source Files\Renderer</Filter>
    </ClCompile>
    <ClCompile Include="Input\InputSystem.cpp">
      <Filter>Source Files\Input</Filter>
    </ClCompile>
    <ClCompile Include="Renderer\Model.cpp">
      <Filter>Source Files\Renderer</Filter>
    </ClCompile>
    <ClCompile Include="Core\File.cpp">
      <Filter>Source Files\Core</Filter>
    </ClCompile>
    <ClCompile Include="Framework\Actor.cpp">
      <Filter>Source Files\Framework</Filter>
    </ClCompile>
    <ClCompile Include="Engine.cpp">
      <Filter>Source Files</Filter>
    </ClCompile>
    <ClCompile Include="Core\Time.cpp">
      <Filter>Source Files\Core</Filter>
    </ClCompile>
    <ClCompile Include="Framework\Scene.cpp">
      <Filter>Source Files\Framework</Filter>
    </ClCompile>
    <ClCompile Include="AudioSystem.cpp">
      <Filter>Source Files\Audio</Filter>
    </ClCompile>
    <ClCompile Include="Renderer\Font.cpp">
      <Filter>Source Files\Renderer</Filter>
    </ClCompile>
    <ClCompile Include="Renderer\Text.cpp">
      <Filter>Source Files\Renderer</Filter>
    </ClCompile>
    <ClCompile Include="Renderer\Texture.cpp">
      <Filter>Source Files\Renderer</Filter>
    </ClCompile>
  </ItemGroup>
  <ItemGroup>
    <ClInclude Include="Math\MathUtils.h">
      <Filter>Source Files\Math</Filter>
    </ClInclude>
    <ClInclude Include="Core\Memory.h">
      <Filter>Source Files\Core</Filter>
    </ClInclude>
    <ClInclude Include="Renderer\Renderer.h">
      <Filter>Source Files\Renderer</Filter>
    </ClInclude>
    <ClInclude Include="Math\Random.h">
      <Filter>Source Files\Math</Filter>
    </ClInclude>
    <ClInclude Include="Math\Vector2.h">
      <Filter>Source Files\Math</Filter>
    </ClInclude>
    <ClInclude Include="Math\Color.h">
      <Filter>Source Files\Math</Filter>
    </ClInclude>
    <ClInclude Include="Input\InputSystem.h">
      <Filter>Source Files\Input</Filter>
    </ClInclude>
    <ClInclude Include="Renderer\Model.h">
      <Filter>Source Files\Renderer</Filter>
    </ClInclude>
    <ClInclude Include="Core\File.h">
      <Filter>Source Files\Core</Filter>
    </ClInclude>
    <ClInclude Include="Framework\GameObject.h">
      <Filter>Source Files\Framework</Filter>
    </ClInclude>
    <ClInclude Include="Math\Transform.h">
      <Filter>Source Files\Math</Filter>
    </ClInclude>
    <ClInclude Include="Framework\Actor.h">
      <Filter>Source Files\Framework</Filter>
    </ClInclude>
    <ClInclude Include="Engine.h">
      <Filter>Source Files</Filter>
    </ClInclude>
    <ClInclude Include="Core\Time.h">
      <Filter>Source Files\Core</Filter>
    </ClInclude>
    <ClInclude Include="Framework\Scene.h">
      <Filter>Source Files\Framework</Filter>
    </ClInclude>
    <ClInclude Include="AudioSystem.h">
      <Filter>Source Files\Audio</Filter>
    </ClInclude>
    <ClInclude Include="Renderer\Font.h">
      <Filter>Source Files\Renderer</Filter>
    </ClInclude>
    <ClInclude Include="Renderer\Text.h">
      <Filter>Source Files\Renderer</Filter>
    </ClInclude>
    <ClInclude Include="Framework\Game.h">
      <Filter>Source Files\Framework</Filter>
    </ClInclude>
    <ClInclude Include="Renderer\Texture.h">
      <Filter>Source Files\Renderer</Filter>
    </ClInclude>
  </ItemGroup>
  <ItemGroup>
    <Text Include="..\..\..\..\OneDrive - Neumont College of Computer Science\Documents\Assets\Player.txt">
      <Filter>Resource Files</Filter>
    </Text>
    <Text Include="..\..\..\..\OneDrive - Neumont College of Computer Science\Documents\Assets\Bullet.txt">
      <Filter>Resource Files</Filter>
    </Text>
    <Text Include="..\..\..\..\OneDrive - Neumont College of Computer Science\Documents\Assets\Enemy.txt">
      <Filter>Resource Files</Filter>
    </Text>
  </ItemGroup>
</Project>